
Microsoft Visual Studio Solution File, Format Version 12.00
Project("{FAE04EC0-301F-11D3-BF4B-00C04F79EFBC}") = "ParcialDiferido02", "ParcialDiferido02\ParcialDiferido02.csproj", "{5E3E6C27-44E4-4885-960B-F222CA932A08}"
EndProject
Global
	GlobalSection(SolutionConfigurationPlatforms) = preSolution
		Debug|Any CPU = Debug|Any CPU
		Release|Any CPU = Release|Any CPU
	EndGlobalSection
	GlobalSection(ProjectConfigurationPlatforms) = postSolution
		{5E3E6C27-44E4-4885-960B-F222CA932A08}.Debug|Any CPU.ActiveCfg = Debug|Any CPU
		{5E3E6C27-44E4-4885-960B-F222CA932A08}.Debug|Any CPU.Build.0 = Debug|Any CPU
		{5E3E6C27-44E4-4885-960B-F222CA932A08}.Release|Any CPU.ActiveCfg = Release|Any CPU
		{5E3E6C27-44E4-4885-960B-F222CA932A08}.Release|Any CPU.Build.0 = Release|Any CPU
	EndGlobalSection
EndGlobal
